# @generated by Move, please check-in and do not edit manually.

[move]
version = 3
manifest_digest = "14946E447EB0EC6010A4DA117025A823C5BB4DAE22809C92AE510F06C3CD0DDD"
deps_digest = "F8BBB0CCB2491CA29A3DF03D6F92277A4F3574266507ACD77214D37ECA3F3082"
dependencies = [
  { id = "Sui", name = "Sui" },
]

[[move.package]]
id = "MoveStdlib"
source = { git = "https://github.com/MystenLabs/sui.git", rev = "framework/devnet", subdir = "crates\\sui-framework\\packages\\move-stdlib" }

[[move.package]]
id = "Sui"
source = { git = "https://github.com/MystenLabs/sui.git", rev = "framework/devnet", subdir = "crates/sui-framework/packages/sui-framework" }

dependencies = [
  { id = "MoveStdlib", name = "MoveStdlib" },
]

[move.toolchain-version]
compiler-version = "1.42.1"
edition = "2024.beta"
flavor = "sui"

[env]

[env.devnet]
chain-id = "5c7c5411"
original-published-id = "0xc4f7c468572e350d335af9139883f7e17e08e8d1cd3018557e3794fd039f6717"
latest-published-id = "0xc4f7c468572e350d335af9139883f7e17e08e8d1cd3018557e3794fd039f6717"
published-version = "1"
